# This file was autogenerated by uv via the following command:
#    uv pip compile requirements.txt --output-file requirements.lock
aiohappyeyeballs==2.6.1
    # via aiohttp
aiohttp==3.12.13
    # via langchain-community
aiosignal==1.3.2
    # via aiohttp
altair==5.5.0
    # via streamlit
annotated-types==0.7.0
    # via pydantic
anyio==4.9.0
    # via
    #   httpx
    #   langfuse
    #   mcp
    #   openai
    #   sse-starlette
    #   starlette
attrs==25.3.0
    # via
    #   aiohttp
    #   jsonschema
    #   referencing
aws-requests-auth==0.4.3
    # via strands-agents-tools
backoff==2.2.1
    # via langfuse
beautifulsoup4==4.13.4
    # via
    #   bs4
    #   markdownify
    #   readabilipy
    #   yfinance
blinker==1.9.0
    # via streamlit
boto3==1.38.36
    # via
    #   -r requirements.txt
    #   langchain-aws
    #   strands-agents
botocore==1.38.38
    # via
    #   boto3
    #   s3transfer
    #   strands-agents
brotli==1.1.0
    # via fonttools
bs4==0.0.2
    # via -r requirements.txt
cachetools==5.5.2
    # via streamlit
certifi==2025.6.15
    # via
    #   curl-cffi
    #   httpcore
    #   httpx
    #   requests
cffi==1.17.1
    # via
    #   curl-cffi
    #   weasyprint
charset-normalizer==3.4.2
    # via requests
click==8.2.1
    # via
    #   streamlit
    #   uvicorn
colorama==0.4.6
    # via strands-agents-tools
contourpy==1.3.2
    # via matplotlib
cssselect2==0.8.0
    # via weasyprint
curl-cffi==0.11.3
    # via yfinance
cycler==0.12.1
    # via matplotlib
dataclasses-json==0.6.7
    # via langchain-community
dill==0.4.0
    # via strands-agents-tools
distro==1.9.0
    # via openai
docstring-parser==0.15
    # via strands-agents
fonttools==4.58.4
    # via
    #   matplotlib
    #   weasyprint
frozendict==2.4.6
    # via yfinance
frozenlist==1.7.0
    # via
    #   aiohttp
    #   aiosignal
gitdb==4.0.12
    # via gitpython
gitpython==3.1.44
    # via streamlit
googleapis-common-protos==1.70.0
    # via opentelemetry-exporter-otlp-proto-http
greenlet==3.2.3
    # via
    #   playwright
    #   sqlalchemy
h11==0.16.0
    # via
    #   httpcore
    #   uvicorn
html5lib==1.1
    # via readabilipy
httpcore==1.0.9
    # via httpx
httpx==0.28.1
    # via
    #   langfuse
    #   langgraph-sdk
    #   langsmith
    #   mcp
    #   openai
    #   tavily-python
httpx-sse==0.4.0
    # via
    #   langchain-community
    #   mcp
idna==3.10
    # via
    #   anyio
    #   httpx
    #   langfuse
    #   requests
    #   yarl
importlib-metadata==8.7.0
    # via opentelemetry-api
jinja2==3.1.6
    # via
    #   altair
    #   pydeck
jiter==0.10.0
    # via openai
jmespath==1.0.1
    # via
    #   boto3
    #   botocore
jq==1.8.0
    # via -r requirements.txt
jsonpatch==1.33
    # via langchain-core
jsonpointer==3.0.0
    # via jsonpatch
jsonschema==4.24.0
    # via altair
jsonschema-specifications==2025.4.1
    # via jsonschema
kiwisolver==1.4.8
    # via matplotlib
langchain==0.3.25
    # via
    #   -r requirements.txt
    #   langchain-community
langchain-aws==0.2.25
    # via -r requirements.txt
langchain-community==0.3.25
    # via
    #   -r requirements.txt
    #   langchain-experimental
langchain-core==0.3.65
    # via
    #   langchain
    #   langchain-aws
    #   langchain-community
    #   langchain-deepseek
    #   langchain-experimental
    #   langchain-openai
    #   langchain-text-splitters
    #   langgraph
    #   langgraph-checkpoint
    #   langgraph-prebuilt
langchain-deepseek==0.1.3
    # via -r requirements.txt
langchain-experimental==0.3.4
    # via -r requirements.txt
langchain-openai==0.3.24
    # via langchain-deepseek
langchain-text-splitters==0.3.8
    # via langchain
langfuse==2.60.3
    # via -r requirements.txt
langgraph==0.4.8
    # via -r requirements.txt
langgraph-checkpoint==2.1.0
    # via
    #   langgraph
    #   langgraph-prebuilt
langgraph-prebuilt==0.2.2
    # via langgraph
langgraph-sdk==0.1.70
    # via langgraph
langsmith==0.3.45
    # via
    #   langchain
    #   langchain-community
    #   langchain-core
lovelyplots==1.0.2
    # via -r requirements.txt
lxml==5.4.0
    # via readabilipy
markdown-it-py==3.0.0
    # via rich
markdownify==1.1.0
    # via -r requirements.txt
markupsafe==3.0.2
    # via jinja2
marshmallow==3.26.1
    # via dataclasses-json
matplotlib==3.10.1
    # via
    #   -r requirements.txt
    #   lovelyplots
    #   seaborn
mcp==1.9.4
    # via
    #   -r requirements.txt
    #   strands-agents
mdurl==0.1.2
    # via markdown-it-py
mpmath==1.3.0
    # via sympy
multidict==6.5.0
    # via
    #   aiohttp
    #   yarl
multitasking==0.0.11
    # via yfinance
mypy-extensions==1.1.0
    # via typing-inspect
narwhals==1.43.0
    # via altair
numpy==2.3.0
    # via
    #   -r requirements.txt
    #   contourpy
    #   langchain-aws
    #   langchain-community
    #   matplotlib
    #   pandas
    #   pydeck
    #   seaborn
    #   streamlit
    #   yfinance
openai==1.88.0
    # via langchain-openai
opentelemetry-api==1.34.1
    # via
    #   opentelemetry-exporter-otlp-proto-http
    #   opentelemetry-sdk
    #   opentelemetry-semantic-conventions
    #   strands-agents
opentelemetry-exporter-otlp-proto-common==1.34.1
    # via opentelemetry-exporter-otlp-proto-http
opentelemetry-exporter-otlp-proto-http==1.34.1
    # via strands-agents
opentelemetry-proto==1.34.1
    # via
    #   opentelemetry-exporter-otlp-proto-common
    #   opentelemetry-exporter-otlp-proto-http
opentelemetry-sdk==1.34.1
    # via
    #   opentelemetry-exporter-otlp-proto-http
    #   strands-agents
opentelemetry-semantic-conventions==0.55b1
    # via opentelemetry-sdk
orjson==3.10.18
    # via
    #   langgraph-sdk
    #   langsmith
ormsgpack==1.10.0
    # via langgraph-checkpoint
packaging==24.2
    # via
    #   altair
    #   langchain-core
    #   langfuse
    #   langsmith
    #   marshmallow
    #   matplotlib
    #   streamlit
pandas==2.3.0
    # via
    #   -r requirements.txt
    #   seaborn
    #   streamlit
    #   yfinance
peewee==3.18.1
    # via yfinance
pillow==11.2.1
    # via
    #   -r requirements.txt
    #   matplotlib
    #   strands-agents-tools
    #   streamlit
    #   weasyprint
platformdirs==4.3.8
    # via yfinance
playwright==1.52.0
    # via -r requirements.txt
prompt-toolkit==3.0.51
    # via strands-agents-tools
propcache==0.3.2
    # via
    #   aiohttp
    #   yarl
protobuf==5.29.5
    # via
    #   googleapis-common-protos
    #   opentelemetry-proto
    #   streamlit
pyarrow==20.0.0
    # via streamlit
pycparser==2.22
    # via cffi
pydantic==2.11.7
    # via
    #   langchain
    #   langchain-aws
    #   langchain-core
    #   langfuse
    #   langgraph
    #   langsmith
    #   mcp
    #   openai
    #   pydantic-settings
    #   strands-agents
pydantic-core==2.33.2
    # via pydantic
pydantic-settings==2.9.1
    # via
    #   langchain-community
    #   mcp
pydeck==0.9.1
    # via streamlit
pydyf==0.11.0
    # via weasyprint
pyee==13.0.0
    # via playwright
pygments==2.19.1
    # via rich
pyjwt==2.10.1
    # via strands-agents-tools
pyparsing==3.2.3
    # via matplotlib
pyphen==0.17.2
    # via weasyprint
python-dateutil==2.9.0.post0
    # via
    #   botocore
    #   matplotlib
    #   pandas
python-dotenv==1.1.0
    # via
    #   -r requirements.txt
    #   pydantic-settings
python-multipart==0.0.20
    # via mcp
pytz==2025.2
    # via
    #   pandas
    #   yfinance
pyyaml==6.0.2
    # via
    #   langchain
    #   langchain-community
    #   langchain-core
readabilipy==0.3.0
    # via -r requirements.txt
referencing==0.36.2
    # via
    #   jsonschema
    #   jsonschema-specifications
regex==2024.11.6
    # via
    #   readabilipy
    #   tiktoken
requests==2.32.4
    # via
    #   aws-requests-auth
    #   langchain
    #   langchain-community
    #   langfuse
    #   langsmith
    #   opentelemetry-exporter-otlp-proto-http
    #   requests-toolbelt
    #   streamlit
    #   tavily-python
    #   tiktoken
    #   yfinance
requests-toolbelt==1.0.0
    # via langsmith
rich==14.0.0
    # via strands-agents-tools
rpds-py==0.25.1
    # via
    #   jsonschema
    #   referencing
s3transfer==0.13.0
    # via boto3
seaborn==0.13.2
    # via -r requirements.txt
six==1.17.0
    # via
    #   html5lib
    #   markdownify
    #   python-dateutil
slack-bolt==1.23.0
    # via strands-agents-tools
slack-sdk==3.35.0
    # via slack-bolt
smmap==5.0.2
    # via gitdb
sniffio==1.3.1
    # via
    #   anyio
    #   openai
socksio==1.0.0
    # via -r requirements.txt
soupsieve==2.7
    # via beautifulsoup4
sqlalchemy==2.0.41
    # via
    #   langchain
    #   langchain-community
sse-starlette==2.3.3
    # via
    #   -r requirements.txt
    #   mcp
starlette==0.47.0
    # via
    #   mcp
    #   sse-starlette
strands-agents==0.1.7
    # via
    #   -r requirements.txt
    #   strands-agents-tools
strands-agents-tools==0.1.5
    # via -r requirements.txt
streamlit==1.45.0
    # via -r requirements.txt
sympy==1.14.0
    # via strands-agents-tools
tavily-python==0.7.6
    # via -r requirements.txt
tenacity==9.1.2
    # via
    #   langchain-community
    #   langchain-core
    #   strands-agents-tools
    #   streamlit
termcolor==3.1.0
    # via -r requirements.txt
tiktoken==0.9.0
    # via
    #   langchain-openai
    #   tavily-python
tinycss2==1.4.0
    # via
    #   cssselect2
    #   weasyprint
tinyhtml5==2.0.0
    # via weasyprint
toml==0.10.2
    # via streamlit
tornado==6.5.1
    # via streamlit
tqdm==4.67.1
    # via openai
typing-extensions==4.14.0
    # via
    #   altair
    #   anyio
    #   beautifulsoup4
    #   langchain-core
    #   openai
    #   opentelemetry-api
    #   opentelemetry-exporter-otlp-proto-http
    #   opentelemetry-sdk
    #   opentelemetry-semantic-conventions
    #   pydantic
    #   pydantic-core
    #   pyee
    #   referencing
    #   sqlalchemy
    #   strands-agents
    #   streamlit
    #   typing-inspect
    #   typing-inspection
typing-inspect==0.9.0
    # via dataclasses-json
typing-inspection==0.4.1
    # via
    #   pydantic
    #   pydantic-settings
tzdata==2025.2
    # via pandas
urllib3==2.5.0
    # via
    #   botocore
    #   requests
uvicorn==0.34.2
    # via
    #   -r requirements.txt
    #   mcp
watchdog==6.0.0
    # via
    #   strands-agents
    #   strands-agents-tools
    #   streamlit
wcwidth==0.2.13
    # via prompt-toolkit
weasyprint==65.1
    # via -r requirements.txt
webencodings==0.5.1
    # via
    #   cssselect2
    #   html5lib
    #   tinycss2
    #   tinyhtml5
wrapt==1.17.2
    # via langfuse
xxhash==3.5.0
    # via langgraph
yarl==1.20.1
    # via aiohttp
yfinance==0.2.58
    # via -r requirements.txt
zipp==3.23.0
    # via importlib-metadata
zopfli==0.2.3.post1
    # via fonttools
zstandard==0.23.0
    # via langsmith
